PODS:
  - flutter_macos_permissions (0.0.1):
    - FlutterMacOS
  - FlutterMacOS (1.0.0)

DEPENDENCIES:
  - flutter_macos_permissions (from `Flutter/ephemeral/.symlinks/plugins/flutter_macos_permissions/macos`)
  - FlutterMacOS (from `Flutter/ephemeral`)

EXTERNAL SOURCES:
  flutter_macos_permissions:
    :path: Flutter/ephemeral/.symlinks/plugins/flutter_macos_permissions/macos
  FlutterMacOS:
    :path: Flutter/ephemeral

SPEC CHECKSUMS:
  flutter_macos_permissions: ec12b9e8b22da91abcbd572582b59e4278f97d4b
  FlutterMacOS: 8f6f14fa908a6fb3fba0cd85dbd81ec4b251fb24

PODFILE CHECKSUM: 54d867c82ac51cbd61b565781b9fada492027009

COCOAPODS: 1.16.2
